{
  "name": "@monorepo/io-types",
  "version": "0.0.0",
  "lockfileVersion": 1,
  "requires": true,
  "dependencies": {
    "@types/node": {
      "version": "13.1.8",
      "resolved": "https://registry.npmjs.org/@types/node/-/node-13.1.8.tgz",
      "integrity": "sha512-6XzyyNM9EKQW4HKuzbo/CkOIjn/evtCmsU+MUM1xDfJ+3/rNjBttM1NgN7AOQvN6tP1Sl1D1PIKMreTArnxM9A==",
      "dev": true
    },
    "fp-ts": {
      "version": "2.4.1",
      "resolved": "https://registry.npmjs.org/fp-ts/-/fp-ts-2.4.1.tgz",
      "integrity": "sha512-dPal5+rPN7k4ciZ2+O0+i75bbp17uTUoRkWWqJpkKed7wVcA5y/2jH4ZhunzUrJPuaG+mN9ZNf0pv5P7u/k7JQ==",
      "dev": true
    },
    "io-ts": {
      "version": "2.0.5",
      "resolved": "https://registry.npmjs.org/io-ts/-/io-ts-2.0.5.tgz",
      "integrity": "sha512-pL7uUptryanI5Glv+GUv7xh+aLBjxGEDmLwmEYNSx0yOD3djK0Nw5Bt0N6BAkv9LadOUU7QKpRsLcqnTh3UlLA=="
    },
    "io-ts-types": {
      "version": "0.5.5",
      "resolved": "https://registry.npmjs.org/io-ts-types/-/io-ts-types-0.5.5.tgz",
      "integrity": "sha512-REkSSrgkfxFzDy32dsrPiQqGERO2o4KUtSox96B4ZKFSiB5mg0zl4cXl072TvROzcvuc0zGPlFzrRTYWaTcj/w=="
    },
    "monocle-ts": {
      "version": "2.0.1",
      "resolved": "https://registry.npmjs.org/monocle-ts/-/monocle-ts-2.0.1.tgz",
      "integrity": "sha512-e1ulohxv2LXuaU1hyziPWmNQRcEL2kRawU60+SVzHjb7i3AKs65KWKLHcXreONJah6I0kibeAnQaCTJ29txWXA==",
      "dev": true
    },
    "newtype-ts": {
      "version": "0.3.3",
      "resolved": "https://registry.npmjs.org/newtype-ts/-/newtype-ts-0.3.3.tgz",
      "integrity": "sha512-BF8z20WjY0KXbeMeWwmcA/w4Ul2TMa7c79oBDpSeGulnlWTlehC55VfrsZ02rUtKymC6ewWaAJzVIn+Fg98A3A==",
      "dev": true
    },
    "typescript": {
      "version": "3.7.5",
      "resolved": "https://registry.npmjs.org/typescript/-/typescript-3.7.5.tgz",
      "integrity": "sha512-/P5lkRXkWHNAbcJIiHPfRoKqyd7bsyCma1hZNUGfn20qm64T6ZBlrzprymeu918H+mB/0rIg2gGK/BXkhhYgBw==",
      "dev": true
    }
  }
}
