{
  "name": "@chat/server",
  "version": "0.0.0",
  "lockfileVersion": 1,
  "requires": true,
  "dependencies": {
    "@babel/runtime-corejs2": {
      "version": "7.8.3",
      "resolved": "https://registry.npmjs.org/@babel/runtime-corejs2/-/runtime-corejs2-7.8.3.tgz",
      "integrity": "sha512-yxJXBKdIogkfF+wgeJrvU7Afp5ugBi92NzSgNPWWKVoQAlixH3gwMP6yYYr7SV1Dbc0HmNw7WUJkV5ksvtQuHg==",
      "dev": true,
      "requires": {
        "core-js": "^2.6.5",
        "regenerator-runtime": "^0.13.2"
      }
    },
    "@phenomnomnominal/tsquery": {
      "version": "4.0.0",
      "resolved": "https://registry.npmjs.org/@phenomnomnominal/tsquery/-/tsquery-4.0.0.tgz",
      "integrity": "sha512-s2Yet/MCj9Jh6nR6GfldrUPT6Y+aM1jIAdiKcOKEzmeKALT0Tc7SFIkYP3KvzjzbkKK5W7BiJ3cWy2UOa4ITbw==",
      "dev": true,
      "requires": {
        "esquery": "^1.0.1"
      }
    },
    "core-js": {
      "version": "2.6.11",
      "resolved": "https://registry.npmjs.org/core-js/-/core-js-2.6.11.tgz",
      "integrity": "sha512-5wjnpaT/3dV+XB4borEsnAYQchn00XSgTAWKDkEqv+K8KevjbzmofK6hfJ9TZIlpj2N0xQpazy7PiRQiWHqzWg==",
      "dev": true
    },
    "decamelize": {
      "version": "3.2.0",
      "resolved": "https://registry.npmjs.org/decamelize/-/decamelize-3.2.0.tgz",
      "integrity": "sha512-4TgkVUsmmu7oCSyGBm5FvfMoACuoh9EOidm7V5/J2X2djAwwt57qb3F2KMP2ITqODTCSwb+YRV+0Zqrv18k/hw==",
      "dev": true,
      "requires": {
        "xregexp": "^4.2.4"
      }
    },
    "esquery": {
      "version": "1.0.1",
      "resolved": "https://registry.npmjs.org/esquery/-/esquery-1.0.1.tgz",
      "integrity": "sha512-SmiyZ5zIWH9VM+SRUReLS5Q8a7GxtRdxEBVZpm98rJM7Sb+A9DVCndXfkeFUd3byderg+EbDkfnevfCwynWaNA==",
      "dev": true,
      "requires": {
        "estraverse": "^4.0.0"
      }
    },
    "estraverse": {
      "version": "4.3.0",
      "resolved": "https://registry.npmjs.org/estraverse/-/estraverse-4.3.0.tgz",
      "integrity": "sha512-39nnKffWz8xN1BU/2c79n9nB9HDzo0niYUqx6xyqUnyoAnQyyWpOTdZEeiCch8BBu515t4wp9ZmgVfVhn9EBpw==",
      "dev": true
    },
    "path-parse": {
      "version": "1.0.6",
      "resolved": "https://registry.npmjs.org/path-parse/-/path-parse-1.0.6.tgz",
      "integrity": "sha512-GSmOT2EbHrINBf9SR7CDELwlJ8AENk3Qn7OikK4nFYAu3Ote2+JYNVvkpAEQm3/TLNEJFD/xZJjzyxg3KBWOzw==",
      "dev": true
    },
    "regenerator-runtime": {
      "version": "0.13.3",
      "resolved": "https://registry.npmjs.org/regenerator-runtime/-/regenerator-runtime-0.13.3.tgz",
      "integrity": "sha512-naKIZz2GQ8JWh///G7L3X6LaQUAMp2lvb1rvwwsURe/VXwD6VMfr+/1NuNw3ag8v2kY1aQ/go5SNn79O9JU7yw==",
      "dev": true
    },
    "resolve": {
      "version": "1.14.2",
      "resolved": "https://registry.npmjs.org/resolve/-/resolve-1.14.2.tgz",
      "integrity": "sha512-EjlOBLBO1kxsUxsKjLt7TAECyKW6fOh1VRkykQkKGzcBbjjPIxBqGh0jf7GJ3k/f5mxMqW3htMD3WdTUVtW8HQ==",
      "dev": true,
      "requires": {
        "path-parse": "^1.0.6"
      }
    },
    "rxjs-tslint-rules": {
      "version": "4.28.1",
      "resolved": "https://registry.npmjs.org/rxjs-tslint-rules/-/rxjs-tslint-rules-4.28.1.tgz",
      "integrity": "sha512-j76YWbtC4lExSjT1DaMvI8eMnwKGIK5na3lfghx70wwj2oH3PWZm9DzKrza1+GK/w4pyINPlBNX0eeFVpjHDTg==",
      "dev": true,
      "requires": {
        "@phenomnomnominal/tsquery": "^4.0.0",
        "decamelize": "^3.0.0",
        "resolve": "^1.4.0",
        "semver": "^7.0.0",
        "tslib": "^1.8.0",
        "tsutils": "^3.0.0",
        "tsutils-etc": "^1.1.0"
      }
    },
    "semver": {
      "version": "7.1.1",
      "resolved": "https://registry.npmjs.org/semver/-/semver-7.1.1.tgz",
      "integrity": "sha512-WfuG+fl6eh3eZ2qAf6goB7nhiCd7NPXhmyFxigB/TOkQyeLP8w8GsVehvtGNtnNmyboz4TgeK40B1Kbql/8c5A==",
      "dev": true
    },
    "tslib": {
      "version": "1.10.0",
      "resolved": "https://registry.npmjs.org/tslib/-/tslib-1.10.0.tgz",
      "integrity": "sha512-qOebF53frne81cf0S9B41ByenJ3/IuH8yJKngAX35CmiZySA0khhkovshKK+jGCaMnVomla7gVlIcc3EvKPbTQ==",
      "dev": true
    },
    "tsutils": {
      "version": "3.17.1",
      "resolved": "https://registry.npmjs.org/tsutils/-/tsutils-3.17.1.tgz",
      "integrity": "sha512-kzeQ5B8H3w60nFY2g8cJIuH7JDpsALXySGtwGJ0p2LSjLgay3NdIpqq5SoOBe46bKDW2iq25irHCr8wjomUS2g==",
      "dev": true,
      "requires": {
        "tslib": "^1.8.1"
      }
    },
    "tsutils-etc": {
      "version": "1.1.0",
      "resolved": "https://registry.npmjs.org/tsutils-etc/-/tsutils-etc-1.1.0.tgz",
      "integrity": "sha512-pJlLtLmQPUyGHqY/Pq6EGnpGmQCnnTDZetQ7eWkeQ5xaw4GtfcR1Zt7HMKFHGDDp53HzQfbqQ+7ps6iJbfa9Hw==",
      "dev": true
    },
    "xregexp": {
      "version": "4.2.4",
      "resolved": "https://registry.npmjs.org/xregexp/-/xregexp-4.2.4.tgz",
      "integrity": "sha512-sO0bYdYeJAJBcJA8g7MJJX7UrOZIfJPd8U2SC7B2Dd/J24U0aQNoGp33shCaBSWeb0rD5rh6VBUIXOkGal1TZA==",
      "dev": true,
      "requires": {
        "@babel/runtime-corejs2": "^7.2.0"
      }
    }
  }
}
